
Microsoft Visual Studio Solution File, Format Version 12.00
# Visual Studio Version 16
VisualStudioVersion = 16.0.30225.117
MinimumVisualStudioVersion = 10.0.40219.1
Project("{FAE04EC0-301F-11D3-BF4B-00C04F79EFBC}") = "Entities", "SerializersComparison\Entities.csproj", "{15041428-6DC1-4063-B9C7-283DC23093BA}"
EndProject
Project("{2150E333-8FDC-42A3-9474-1A3956D46DE8}") = "files", "files", "{4BF5D218-23D6-4BAC-8031-1089124F765D}"
	ProjectSection(SolutionItems) = preProject
		Person.json = Person.json
	EndProjectSection
EndProject
Project("{FAE04EC0-301F-11D3-BF4B-00C04F79EFBC}") = "NewtonsoftAsserts", "Newtonsoft\NewtonsoftAsserts.csproj", "{1D32682D-82E0-4063-BFCE-C01C5423FB4B}"
EndProject
Project("{FAE04EC0-301F-11D3-BF4B-00C04F79EFBC}") = "Utf8Json", "Utf8Json\Utf8Json.csproj", "{847B17FE-E56E-47D7-AEE8-76E10214C285}"
EndProject
Global
	GlobalSection(SolutionConfigurationPlatforms) = preSolution
		Debug|Any CPU = Debug|Any CPU
		Release|Any CPU = Release|Any CPU
	EndGlobalSection
	GlobalSection(ProjectConfigurationPlatforms) = postSolution
		{15041428-6DC1-4063-B9C7-283DC23093BA}.Debug|Any CPU.ActiveCfg = Debug|Any CPU
		{15041428-6DC1-4063-B9C7-283DC23093BA}.Debug|Any CPU.Build.0 = Debug|Any CPU
		{15041428-6DC1-4063-B9C7-283DC23093BA}.Release|Any CPU.ActiveCfg = Release|Any CPU
		{15041428-6DC1-4063-B9C7-283DC23093BA}.Release|Any CPU.Build.0 = Release|Any CPU
		{1D32682D-82E0-4063-BFCE-C01C5423FB4B}.Debug|Any CPU.ActiveCfg = Debug|Any CPU
		{1D32682D-82E0-4063-BFCE-C01C5423FB4B}.Debug|Any CPU.Build.0 = Debug|Any CPU
		{1D32682D-82E0-4063-BFCE-C01C5423FB4B}.Release|Any CPU.ActiveCfg = Release|Any CPU
		{1D32682D-82E0-4063-BFCE-C01C5423FB4B}.Release|Any CPU.Build.0 = Release|Any CPU
		{847B17FE-E56E-47D7-AEE8-76E10214C285}.Debug|Any CPU.ActiveCfg = Debug|Any CPU
		{847B17FE-E56E-47D7-AEE8-76E10214C285}.Debug|Any CPU.Build.0 = Debug|Any CPU
		{847B17FE-E56E-47D7-AEE8-76E10214C285}.Release|Any CPU.ActiveCfg = Release|Any CPU
		{847B17FE-E56E-47D7-AEE8-76E10214C285}.Release|Any CPU.Build.0 = Release|Any CPU
	EndGlobalSection
	GlobalSection(SolutionProperties) = preSolution
		HideSolutionNode = FALSE
	EndGlobalSection
	GlobalSection(ExtensibilityGlobals) = postSolution
		SolutionGuid = {4FB29316-C195-4456-AFBC-AC5E287DD63B}
	EndGlobalSection
EndGlobal
